{
	"name": "backup",
	"version": "1.0.0",
	"lockfileVersion": 3,
	"requires": true,
	"packages": {
		"": {
			"name": "backup",
			"version": "1.0.0",
			"dependencies": {
				"@zcatalyst/auth": "^1.0.0",
				"@zcatalyst/cache": "latest",
				"@zcatalyst/datastore": "^1.0.0",
				"@zcatalyst/filestore": "^0.0.2",
				"@zcatalyst/stratus": "^1.0.0",
				"@zcatalyst/user-management": "^0.0.2",
				"@zcatalyst/zcql": "^0.0.2"
			}
		},
		"node_modules/@zcatalyst/auth": {
			"version": "1.0.0",
			"resolved": "https://registry.npmjs.org/@zcatalyst/auth/-/auth-1.0.0.tgz",
			"integrity": "sha512-Qih+vp6e4VpLwHqWiuPQikqT2qFqqqlReW+XE2fkdLkS8X2oJ9C4bS5dAbkMUWM2JCZpwSoMVjxfFoBSXF9hCw==",
			"license": "Apache-2.0",
			"dependencies": {
				"@zcatalyst/auth-admin": "^1.0.0",
				"@zcatalyst/auth-client": "^1.0.0",
				"@zcatalyst/transport": "^1.0.0",
				"@zcatalyst/utils": "^1.0.0"
			},
			"engines": {
				"node": ">=22"
			}
		},
		"node_modules/@zcatalyst/auth-admin": {
			"version": "1.0.0",
			"resolved": "https://registry.npmjs.org/@zcatalyst/auth-admin/-/auth-admin-1.0.0.tgz",
			"integrity": "sha512-YY2keEr65wmghlkgZYjwrA3GalCqxTfdikfGB8x8H67QN9WYSiZKqA9EfH7sj95aztGkKCRei8+qksq/PAv5wQ==",
			"license": "Apache-2.0",
			"dependencies": {
				"@zcatalyst/utils": "^1.0.0"
			},
			"engines": {
				"node": ">=22"
			}
		},
		"node_modules/@zcatalyst/auth-client": {
			"version": "1.0.0",
			"resolved": "https://registry.npmjs.org/@zcatalyst/auth-client/-/auth-client-1.0.0.tgz",
			"integrity": "sha512-+jLbHUMFuk4kch5Pw8s0y8c3U/c0B2kcOEWAK/m5BnMx8GMdu+L+3q51oJrNSzJ4MB11qyDbnHx3avcJXmV6kA==",
			"license": "Apache-2.0",
			"dependencies": {
				"@zcatalyst/utils": "^1.0.0"
			},
			"engines": {
				"node": ">=22"
			}
		},
		"node_modules/@zcatalyst/cache": {
			"version": "1.0.0",
			"resolved": "https://registry.npmjs.org/@zcatalyst/cache/-/cache-1.0.0.tgz",
			"integrity": "sha512-2DZmZ6YmxH+ETIqax/ZVNwG7RpdiBP3AVxyRAmcfkMzYOrRmANiFZih/aIop3qJ6xRzhE5z2XNMsFtZyhWU6AA==",
			"license": "Apache-2.0",
			"dependencies": {
				"@zcatalyst/transport": "^1.0.0",
				"@zcatalyst/utils": "^1.0.0"
			},
			"engines": {
				"node": ">=22"
			}
		},
		"node_modules/@zcatalyst/datastore": {
			"version": "1.0.0",
			"resolved": "https://registry.npmjs.org/@zcatalyst/datastore/-/datastore-1.0.0.tgz",
			"integrity": "sha512-cYtQT7krDqWQLermdmwCoU5zLtmpR/9WTsALYtbFMsfvUkYpgs2zNkImvTxcrK0Dr+X5pCGR2o7GGTtTMvIjqQ==",
			"license": "Apache-2.0",
			"dependencies": {
				"@zcatalyst/auth-client": "^1.0.0",
				"@zcatalyst/transport": "^1.0.0",
				"@zcatalyst/utils": "^1.0.0"
			},
			"engines": {
				"node": ">=22"
			}
		},
		"node_modules/@zcatalyst/filestore": {
			"version": "0.0.2",
			"resolved": "https://registry.npmjs.org/@zcatalyst/filestore/-/filestore-0.0.2.tgz",
			"integrity": "sha512-4P9r/Z31f9A5/TFHUzLHKCjGsuSrpmeCHEqsUt24s4WGlDkGqxnr1cFsQzACyEZWMLAsjSEoBZQfBd8+ksRArA==",
			"license": "Apache-2.0",
			"dependencies": {
				"@zcatalyst/auth-client": "^0.0.2",
				"@zcatalyst/transport": "^0.0.2",
				"@zcatalyst/utils": "^0.0.2"
			},
			"engines": {
				"node": ">=20"
			}
		},
		"node_modules/@zcatalyst/filestore/node_modules/@zcatalyst/auth": {
			"version": "0.0.2",
			"resolved": "https://registry.npmjs.org/@zcatalyst/auth/-/auth-0.0.2.tgz",
			"integrity": "sha512-kTQpfCNbyLCsgpcjR2UKK//6deg6M+r5rQaakvCzQoXMkGJL0Uu+LeoFGW0AIpl5ZZ/sLTV8jI2gT4lfio72zA==",
			"license": "Apache-2.0",
			"dependencies": {
				"@zcatalyst/utils": "^0.0.2"
			}
		},
		"node_modules/@zcatalyst/filestore/node_modules/@zcatalyst/auth-client": {
			"version": "0.0.2",
			"resolved": "https://registry.npmjs.org/@zcatalyst/auth-client/-/auth-client-0.0.2.tgz",
			"integrity": "sha512-OZEKIZ1GNn7deb8gApUziKt0XBXf6YugmF996ZGct4UO3++7fDHTF4XfHbH5FSbO7r9595TniPT5EfGMCORfWg==",
			"license": "Apache-2.0",
			"dependencies": {
				"@zcatalyst/utils": "^0.0.2"
			},
			"engines": {
				"node": ">=20"
			}
		},
		"node_modules/@zcatalyst/filestore/node_modules/@zcatalyst/transport": {
			"version": "0.0.2",
			"resolved": "https://registry.npmjs.org/@zcatalyst/transport/-/transport-0.0.2.tgz",
			"integrity": "sha512-e07tLLDe3Z8GK+P2wel6/jd8/zHIW2cMa/jizgqFWk9jsUXgLvNAFcZBYBWYEwkgcz4fWgcBS91x1d63Hqn6hg==",
			"license": "Apache-2.0",
			"dependencies": {
				"@zcatalyst/auth": "^0.0.2",
				"@zcatalyst/auth-client": "^0.0.2",
				"@zcatalyst/utils": "^0.0.2"
			},
			"engines": {
				"node": ">=20"
			}
		},
		"node_modules/@zcatalyst/filestore/node_modules/@zcatalyst/utils": {
			"version": "0.0.2",
			"resolved": "https://registry.npmjs.org/@zcatalyst/utils/-/utils-0.0.2.tgz",
			"integrity": "sha512-4DXe+alb2oojwpUdcVUJPZCBIOb9h40Zh1Fw9sJSs4eGSHTvkpLBhH0qRuwma3PimUWhnVm5Gg2XOL9QmINYKQ==",
			"license": "Apache-2.0",
			"engines": {
				"node": ">=20"
			}
		},
		"node_modules/@zcatalyst/stratus": {
			"version": "1.0.0",
			"resolved": "https://registry.npmjs.org/@zcatalyst/stratus/-/stratus-1.0.0.tgz",
			"integrity": "sha512-55Fnf8jS5aHNPoQJmGRjd0iyJ4GDrWZLRrdVIHn1NtxMQC6X7/yIdNjDNV6oJHrSedwROTuU7hBjeY6mnAkQMQ==",
			"license": "Apache-2.0",
			"dependencies": {
				"@zcatalyst/auth-client": "^1.0.0",
				"@zcatalyst/transport": "^1.0.0",
				"@zcatalyst/utils": "^1.0.0"
			},
			"engines": {
				"node": ">=22"
			}
		},
		"node_modules/@zcatalyst/transport": {
			"version": "1.0.0",
			"resolved": "https://registry.npmjs.org/@zcatalyst/transport/-/transport-1.0.0.tgz",
			"integrity": "sha512-MYPBiid41uzEThvCutS2UiC/xwBqL4hlaabtIPDTEbWw8naDDHBFGAMWtWuzR5r2kGkHJT/VVyGWMQ+lImQNVQ==",
			"license": "Apache-2.0",
			"dependencies": {
				"@zcatalyst/auth-admin": "^1.0.0",
				"@zcatalyst/auth-client": "^1.0.0",
				"@zcatalyst/utils": "^1.0.0"
			},
			"engines": {
				"node": ">=22"
			}
		},
		"node_modules/@zcatalyst/user-management": {
			"version": "0.0.2",
			"resolved": "https://registry.npmjs.org/@zcatalyst/user-management/-/user-management-0.0.2.tgz",
			"integrity": "sha512-0uF0dlVXwc/P+4JPRHrRbngbRI3WmbnftYS3cia0NtLUxc96NX3DKOE1eX607yg9O2c1jya2ydrAWwR2FviKmQ==",
			"license": "Apache-2.0",
			"dependencies": {
				"@zcatalyst/auth-client": "^0.0.2",
				"@zcatalyst/transport": "^0.0.2",
				"@zcatalyst/utils": "^0.0.2"
			},
			"engines": {
				"node": ">=20"
			}
		},
		"node_modules/@zcatalyst/user-management/node_modules/@zcatalyst/auth": {
			"version": "0.0.2",
			"resolved": "https://registry.npmjs.org/@zcatalyst/auth/-/auth-0.0.2.tgz",
			"integrity": "sha512-kTQpfCNbyLCsgpcjR2UKK//6deg6M+r5rQaakvCzQoXMkGJL0Uu+LeoFGW0AIpl5ZZ/sLTV8jI2gT4lfio72zA==",
			"license": "Apache-2.0",
			"dependencies": {
				"@zcatalyst/utils": "^0.0.2"
			}
		},
		"node_modules/@zcatalyst/user-management/node_modules/@zcatalyst/auth-client": {
			"version": "0.0.2",
			"resolved": "https://registry.npmjs.org/@zcatalyst/auth-client/-/auth-client-0.0.2.tgz",
			"integrity": "sha512-OZEKIZ1GNn7deb8gApUziKt0XBXf6YugmF996ZGct4UO3++7fDHTF4XfHbH5FSbO7r9595TniPT5EfGMCORfWg==",
			"license": "Apache-2.0",
			"dependencies": {
				"@zcatalyst/utils": "^0.0.2"
			},
			"engines": {
				"node": ">=20"
			}
		},
		"node_modules/@zcatalyst/user-management/node_modules/@zcatalyst/transport": {
			"version": "0.0.2",
			"resolved": "https://registry.npmjs.org/@zcatalyst/transport/-/transport-0.0.2.tgz",
			"integrity": "sha512-e07tLLDe3Z8GK+P2wel6/jd8/zHIW2cMa/jizgqFWk9jsUXgLvNAFcZBYBWYEwkgcz4fWgcBS91x1d63Hqn6hg==",
			"license": "Apache-2.0",
			"dependencies": {
				"@zcatalyst/auth": "^0.0.2",
				"@zcatalyst/auth-client": "^0.0.2",
				"@zcatalyst/utils": "^0.0.2"
			},
			"engines": {
				"node": ">=20"
			}
		},
		"node_modules/@zcatalyst/user-management/node_modules/@zcatalyst/utils": {
			"version": "0.0.2",
			"resolved": "https://registry.npmjs.org/@zcatalyst/utils/-/utils-0.0.2.tgz",
			"integrity": "sha512-4DXe+alb2oojwpUdcVUJPZCBIOb9h40Zh1Fw9sJSs4eGSHTvkpLBhH0qRuwma3PimUWhnVm5Gg2XOL9QmINYKQ==",
			"license": "Apache-2.0",
			"engines": {
				"node": ">=20"
			}
		},
		"node_modules/@zcatalyst/utils": {
			"version": "1.0.0",
			"resolved": "https://registry.npmjs.org/@zcatalyst/utils/-/utils-1.0.0.tgz",
			"integrity": "sha512-G+tqnZYdWuCeiBKayYOLlTFlJp4pF8GuB0upxjcV0h5tK9du6Oafa6whjUakWrpverJQ5UePbV6ecjcwXSvsLw==",
			"license": "Apache-2.0",
			"engines": {
				"node": ">=22"
			}
		},
		"node_modules/@zcatalyst/zcql": {
			"version": "0.0.2",
			"resolved": "https://registry.npmjs.org/@zcatalyst/zcql/-/zcql-0.0.2.tgz",
			"integrity": "sha512-yLvMsBt1/sbPE5Xw/idHMYV5JdlnlDAidUyAHAgelBOWa8NBUDYkPqjE3OufLOZGu7KMUaEifPsu0cmolk2T1g==",
			"license": "Apache-2.0",
			"dependencies": {
				"@zcatalyst/transport": "^0.0.2",
				"@zcatalyst/utils": "^0.0.2"
			},
			"engines": {
				"node": ">=20"
			}
		},
		"node_modules/@zcatalyst/zcql/node_modules/@zcatalyst/auth": {
			"version": "0.0.2",
			"resolved": "https://registry.npmjs.org/@zcatalyst/auth/-/auth-0.0.2.tgz",
			"integrity": "sha512-kTQpfCNbyLCsgpcjR2UKK//6deg6M+r5rQaakvCzQoXMkGJL0Uu+LeoFGW0AIpl5ZZ/sLTV8jI2gT4lfio72zA==",
			"license": "Apache-2.0",
			"dependencies": {
				"@zcatalyst/utils": "^0.0.2"
			}
		},
		"node_modules/@zcatalyst/zcql/node_modules/@zcatalyst/auth-client": {
			"version": "0.0.2",
			"resolved": "https://registry.npmjs.org/@zcatalyst/auth-client/-/auth-client-0.0.2.tgz",
			"integrity": "sha512-OZEKIZ1GNn7deb8gApUziKt0XBXf6YugmF996ZGct4UO3++7fDHTF4XfHbH5FSbO7r9595TniPT5EfGMCORfWg==",
			"license": "Apache-2.0",
			"dependencies": {
				"@zcatalyst/utils": "^0.0.2"
			},
			"engines": {
				"node": ">=20"
			}
		},
		"node_modules/@zcatalyst/zcql/node_modules/@zcatalyst/transport": {
			"version": "0.0.2",
			"resolved": "https://registry.npmjs.org/@zcatalyst/transport/-/transport-0.0.2.tgz",
			"integrity": "sha512-e07tLLDe3Z8GK+P2wel6/jd8/zHIW2cMa/jizgqFWk9jsUXgLvNAFcZBYBWYEwkgcz4fWgcBS91x1d63Hqn6hg==",
			"license": "Apache-2.0",
			"dependencies": {
				"@zcatalyst/auth": "^0.0.2",
				"@zcatalyst/auth-client": "^0.0.2",
				"@zcatalyst/utils": "^0.0.2"
			},
			"engines": {
				"node": ">=20"
			}
		},
		"node_modules/@zcatalyst/zcql/node_modules/@zcatalyst/utils": {
			"version": "0.0.2",
			"resolved": "https://registry.npmjs.org/@zcatalyst/utils/-/utils-0.0.2.tgz",
			"integrity": "sha512-4DXe+alb2oojwpUdcVUJPZCBIOb9h40Zh1Fw9sJSs4eGSHTvkpLBhH0qRuwma3PimUWhnVm5Gg2XOL9QmINYKQ==",
			"license": "Apache-2.0",
			"engines": {
				"node": ">=20"
			}
		}
	}
}
